// !$*UTF8*$!
{
	archiveVersion = 1;
	classes = {
	};
	objectVersion = 46;
	objects = {

/* Begin PBXAggregateTarget section */
		0D80C04883BA4B129D4F7804 /* ALL_BUILD */ = {
			isa = PBXAggregateTarget;
			buildConfigurationList = 523CE190C7644358A8D9845B /* Build configuration list for PBXAggregateTarget "ALL_BUILD" */;
			buildPhases = (
				3082FB2C777C434998B16D49 /* CMake Rules */,
			);
			dependencies = (
				AE8D515B22594837B712C50D /* PBXTargetDependency */,
				4A17FAA15917434D85533514 /* PBXTargetDependency */,
			);
			name = ALL_BUILD;
			productName = ALL_BUILD;
		};
		194497FB0DFD497393ED5D42 /* ZERO_CHECK */ = {
			isa = PBXAggregateTarget;
			buildConfigurationList = F59979BB9A78474DADA9E5B4 /* Build configuration list for PBXAggregateTarget "ZERO_CHECK" */;
			buildPhases = (
				3C499DD64C5842D1953A9A78 /* CMake Rules */,
			);
			dependencies = (
			);
			name = ZERO_CHECK;
			productName = ZERO_CHECK;
		};
/* End PBXAggregateTarget section */

/* Begin PBXBuildFile section */
		0DE3FEEFB8124E89B03E29A6 /* /Users/zhongming/APP/Udacity-SelfDrvingCar/CarND-Extended-Kalman-Filter-Project/src/tools.cpp */ = {isa = PBXBuildFile; fileRef = FA90B839D8814F50B9601A08 /* /Users/zhongming/APP/Udacity-SelfDrvingCar/CarND-Extended-Kalman-Filter-Project/src/tools.cpp */; };
		1919CAC3592646FA9A246DA6 /* /Users/zhongming/APP/Udacity-SelfDrvingCar/CarND-Extended-Kalman-Filter-Project/src/kalman_filter.cpp */ = {isa = PBXBuildFile; fileRef = 03BD2B7D73914736BC308CD3 /* /Users/zhongming/APP/Udacity-SelfDrvingCar/CarND-Extended-Kalman-Filter-Project/src/kalman_filter.cpp */; };
		5F70D1C3E21F4730B2808BD2 /* /Users/zhongming/APP/Udacity-SelfDrvingCar/CarND-Extended-Kalman-Filter-Project/CMakeLists.txt */ = {isa = PBXBuildFile; fileRef = 67DF219B5DCD4557B113ABE1 /* /Users/zhongming/APP/Udacity-SelfDrvingCar/CarND-Extended-Kalman-Filter-Project/CMakeLists.txt */; };
		C461DCE85FA54DBBB3782081 /* /Users/zhongming/APP/Udacity-SelfDrvingCar/CarND-Extended-Kalman-Filter-Project/src/FusionEKF.cpp */ = {isa = PBXBuildFile; fileRef = 95176685688A4BD0A876A038 /* /Users/zhongming/APP/Udacity-SelfDrvingCar/CarND-Extended-Kalman-Filter-Project/src/FusionEKF.cpp */; };
		D1C9120124A040FC8DCF5954 /* /Users/zhongming/APP/Udacity-SelfDrvingCar/CarND-Extended-Kalman-Filter-Project/src/main.cpp */ = {isa = PBXBuildFile; fileRef = B96F99B6143D4B7E995C3893 /* /Users/zhongming/APP/Udacity-SelfDrvingCar/CarND-Extended-Kalman-Filter-Project/src/main.cpp */; };
/* End PBXBuildFile section */

/* Begin PBXBuildStyle section */
		08CA2E81D81648988B006E43 /* Release */ = {
			isa = PBXBuildStyle;
			buildSettings = {
				COPY_PHASE_STRIP = NO;
			};
			name = Release;
		};
		4C3F732ECB3A4728ABD6994A = {
			isa = PBXBuildStyle;
		};
		6A9D6524000E4578B5F3E9B8 /* MinSizeRel */ = {
			isa = PBXBuildStyle;
			buildSettings = {
				COPY_PHASE_STRIP = NO;
			};
			name = MinSizeRel;
		};
		78DD339FB24F486E93935107 /* Debug */ = {
			isa = PBXBuildStyle;
			buildSettings = {
				COPY_PHASE_STRIP = NO;
			};
			name = Debug;
		};
		CC316F21403B4A7D8B799376 /* RelWithDebInfo */ = {
			isa = PBXBuildStyle;
			buildSettings = {
				COPY_PHASE_STRIP = NO;
			};
			name = RelWithDebInfo;
		};
/* End PBXBuildStyle section */

/* Begin PBXContainerItemProxy section */
		264E36EBF9D843C28A1C2D04 /* PBXContainerItemProxy */ = {
			isa = PBXContainerItemProxy;
			containerPortal = 703EADE281DD481BADD51F5A /* Project object */;
			proxyType = 1;
			remoteGlobalIDString = A100EEC504F64700B7E4567D;
			remoteInfo = ExtendedKF;
		};
		47F57502B2D3461FA298E0B8 /* PBXContainerItemProxy */ = {
			isa = PBXContainerItemProxy;
			containerPortal = 703EADE281DD481BADD51F5A /* Project object */;
			proxyType = 1;
			remoteGlobalIDString = 194497FB0DFD497393ED5D42;
			remoteInfo = ZERO_CHECK;
		};
		D57430985F8548A3941CB0B7 /* PBXContainerItemProxy */ = {
			isa = PBXContainerItemProxy;
			containerPortal = 703EADE281DD481BADD51F5A /* Project object */;
			proxyType = 1;
			remoteGlobalIDString = 194497FB0DFD497393ED5D42;
			remoteInfo = ZERO_CHECK;
		};
/* End PBXContainerItemProxy section */

/* Begin PBXFileReference section */
		03BD2B7D73914736BC308CD3 /* /Users/zhongming/APP/Udacity-SelfDrvingCar/CarND-Extended-Kalman-Filter-Project/src/kalman_filter.cpp */ = {isa = PBXFileReference; explicitFileType = sourcecode.cpp.cpp; fileEncoding = 4; name = kalman_filter.cpp; path = src/kalman_filter.cpp; sourceTree = SOURCE_ROOT; };
		061BB15BBDFB43598EBB3C1E /* /Users/zhongming/APP/Udacity-SelfDrvingCar/CarND-Extended-Kalman-Filter-Project/CMakeLists.txt */ = {isa = PBXFileReference; explicitFileType = sourcecode.text; fileEncoding = 4; name = CMakeLists.txt; path = CMakeLists.txt; sourceTree = SOURCE_ROOT; };
		67DF219B5DCD4557B113ABE1 /* /Users/zhongming/APP/Udacity-SelfDrvingCar/CarND-Extended-Kalman-Filter-Project/CMakeLists.txt */ = {isa = PBXFileReference; explicitFileType = sourcecode.text; fileEncoding = 4; name = CMakeLists.txt; path = CMakeLists.txt; sourceTree = SOURCE_ROOT; };
		93FB483DF5F141A59CF27FFE /* ExtendedKF */ = {isa = PBXFileReference; explicitFileType = "compiled.mach-o.executable"; path = ExtendedKF; sourceTree = BUILT_PRODUCTS_DIR; };
		95176685688A4BD0A876A038 /* /Users/zhongming/APP/Udacity-SelfDrvingCar/CarND-Extended-Kalman-Filter-Project/src/FusionEKF.cpp */ = {isa = PBXFileReference; explicitFileType = sourcecode.cpp.cpp; fileEncoding = 4; name = FusionEKF.cpp; path = src/FusionEKF.cpp; sourceTree = SOURCE_ROOT; };
		B96F99B6143D4B7E995C3893 /* /Users/zhongming/APP/Udacity-SelfDrvingCar/CarND-Extended-Kalman-Filter-Project/src/main.cpp */ = {isa = PBXFileReference; explicitFileType = sourcecode.cpp.cpp; fileEncoding = 4; name = main.cpp; path = src/main.cpp; sourceTree = SOURCE_ROOT; };
		F52397E5F2684FFC99660F46 /* /Users/zhongming/APP/Udacity-SelfDrvingCar/CarND-Extended-Kalman-Filter-Project/CMakeLists.txt */ = {isa = PBXFileReference; explicitFileType = sourcecode.text; fileEncoding = 4; name = CMakeLists.txt; path = CMakeLists.txt; sourceTree = SOURCE_ROOT; };
		FA90B839D8814F50B9601A08 /* /Users/zhongming/APP/Udacity-SelfDrvingCar/CarND-Extended-Kalman-Filter-Project/src/tools.cpp */ = {isa = PBXFileReference; explicitFileType = sourcecode.cpp.cpp; fileEncoding = 4; name = tools.cpp; path = src/tools.cpp; sourceTree = SOURCE_ROOT; };
/* End PBXFileReference section */

/* Begin PBXGroup section */
		37CCBDD647F44DBDBD940732 /* Resources */ = {
			isa = PBXGroup;
			children = (
			);
			name = Resources;
			sourceTree = "<group>";
		};
		3DDE213725354B81B7732CDC /* Source Files */ = {
			isa = PBXGroup;
			children = (
				95176685688A4BD0A876A038 /* /Users/zhongming/APP/Udacity-SelfDrvingCar/CarND-Extended-Kalman-Filter-Project/src/FusionEKF.cpp */,
				03BD2B7D73914736BC308CD3 /* /Users/zhongming/APP/Udacity-SelfDrvingCar/CarND-Extended-Kalman-Filter-Project/src/kalman_filter.cpp */,
				B96F99B6143D4B7E995C3893 /* /Users/zhongming/APP/Udacity-SelfDrvingCar/CarND-Extended-Kalman-Filter-Project/src/main.cpp */,
				FA90B839D8814F50B9601A08 /* /Users/zhongming/APP/Udacity-SelfDrvingCar/CarND-Extended-Kalman-Filter-Project/src/tools.cpp */,
			);
			name = "Source Files";
			sourceTree = "<group>";
		};
		5928DB4EAC4745DBA4D08A0A /* ExtendedKF */ = {
			isa = PBXGroup;
			children = (
				3DDE213725354B81B7732CDC /* Source Files */,
				67DF219B5DCD4557B113ABE1 /* /Users/zhongming/APP/Udacity-SelfDrvingCar/CarND-Extended-Kalman-Filter-Project/CMakeLists.txt */,
			);
			name = ExtendedKF;
			sourceTree = "<group>";
		};
		88F41AEC03494F3A91DC4819 /* Products */ = {
			isa = PBXGroup;
			children = (
				93FB483DF5F141A59CF27FFE /* ExtendedKF */,
			);
			name = Products;
			sourceTree = "<group>";
		};
		99FFB7AD8DEA467AAD866F2E /* CMake Rules */ = {
			isa = PBXGroup;
			children = (
			);
			name = "CMake Rules";
			sourceTree = "<group>";
		};
		9F5AC64949174500BA15D39A /* CMake Rules */ = {
			isa = PBXGroup;
			children = (
			);
			name = "CMake Rules";
			sourceTree = "<group>";
		};
		A2722CC05A8B4AE8BBAB72A7 = {
			isa = PBXGroup;
			children = (
				B68DC581A539415899E0CC7C /* Sources */,
				37CCBDD647F44DBDBD940732 /* Resources */,
				88F41AEC03494F3A91DC4819 /* Products */,
			);
			sourceTree = "<group>";
		};
		B68DC581A539415899E0CC7C /* Sources */ = {
			isa = PBXGroup;
			children = (
				5928DB4EAC4745DBA4D08A0A /* ExtendedKF */,
				BD35873653EF4ADC95260CDE /* ALL_BUILD */,
				FAA07CE451944BAE8FF00F1C /* ZERO_CHECK */,
			);
			name = Sources;
			sourceTree = "<group>";
		};
		BD35873653EF4ADC95260CDE /* ALL_BUILD */ = {
			isa = PBXGroup;
			children = (
				99FFB7AD8DEA467AAD866F2E /* CMake Rules */,
				061BB15BBDFB43598EBB3C1E /* /Users/zhongming/APP/Udacity-SelfDrvingCar/CarND-Extended-Kalman-Filter-Project/CMakeLists.txt */,
			);
			name = ALL_BUILD;
			sourceTree = "<group>";
		};
		FAA07CE451944BAE8FF00F1C /* ZERO_CHECK */ = {
			isa = PBXGroup;
			children = (
				9F5AC64949174500BA15D39A /* CMake Rules */,
				F52397E5F2684FFC99660F46 /* /Users/zhongming/APP/Udacity-SelfDrvingCar/CarND-Extended-Kalman-Filter-Project/CMakeLists.txt */,
			);
			name = ZERO_CHECK;
			sourceTree = "<group>";
		};
/* End PBXGroup section */

/* Begin PBXNativeTarget section */
		A100EEC504F64700B7E4567D /* ExtendedKF */ = {
			isa = PBXNativeTarget;
			buildConfigurationList = B7A60F980CE947FDB7521312 /* Build configuration list for PBXNativeTarget "ExtendedKF" */;
			buildPhases = (
				15B1CA8626814622825AC757 /* Sources */,
			);
			buildRules = (
			);
			dependencies = (
				D437A4D0D4F945E6975216AB /* PBXTargetDependency */,
			);
			name = ExtendedKF;
			productName = ExtendedKF;
			productReference = 93FB483DF5F141A59CF27FFE /* ExtendedKF */;
			productType = "com.apple.product-type.tool";
		};
/* End PBXNativeTarget section */

/* Begin PBXProject section */
		703EADE281DD481BADD51F5A /* Project object */ = {
			isa = PBXProject;
			attributes = {
				BuildIndependentTargetsInParallel = YES;
				LastUpgradeCheck = 0820;
			};
			buildConfigurationList = 62CD1D56CEDE4F15B5C41A8B /* Build configuration list for PBXProject "ExtendedKF" */;
			buildSettings = {
			};
			buildStyles = (
				78DD339FB24F486E93935107 /* Debug */,
				08CA2E81D81648988B006E43 /* Release */,
				6A9D6524000E4578B5F3E9B8 /* MinSizeRel */,
				CC316F21403B4A7D8B799376 /* RelWithDebInfo */,
			);
			compatibilityVersion = "Xcode 3.2";
			hasScannedForEncodings = 0;
			mainGroup = A2722CC05A8B4AE8BBAB72A7;
			projectDirPath = ../../;
			projectRoot = "";
			targets = (
				0D80C04883BA4B129D4F7804 /* ALL_BUILD */,
				A100EEC504F64700B7E4567D /* ExtendedKF */,
				194497FB0DFD497393ED5D42 /* ZERO_CHECK */,
			);
		};
/* End PBXProject section */

/* Begin PBXShellScriptBuildPhase section */
		2A195FD80B394E159DA25BD0 = {
			isa = PBXShellScriptBuildPhase;
			buildActionMask = 2147483647;
			files = (
			);
			inputPaths = (
			);
			outputPaths = (
			);
			runOnlyForDeploymentPostprocessing = 0;
			shellPath = /bin/sh;
			shellScript = "# shell script goes here
exit 0";
			showEnvVarsInLog = 0;
		};
		3082FB2C777C434998B16D49 /* CMake Rules */ = {
			isa = PBXShellScriptBuildPhase;
			buildActionMask = 2147483647;
			files = (
			);
			name = "CMake Rules";
			runOnlyForDeploymentPostprocessing = 0;
			shellPath = /bin/sh;
			shellScript = "make -C /Users/zhongming/APP/Udacity-SelfDrvingCar/CarND-Extended-Kalman-Filter-Project/ide_profiles/xcode -f /Users/zhongming/APP/Udacity-SelfDrvingCar/CarND-Extended-Kalman-Filter-Project/ide_profiles/xcode/CMakeScripts/ALL_BUILD_cmakeRulesBuildPhase.make$CONFIGURATION all";
			showEnvVarsInLog = 0;
		};
		3C499DD64C5842D1953A9A78 /* CMake Rules */ = {
			isa = PBXShellScriptBuildPhase;
			buildActionMask = 2147483647;
			files = (
			);
			name = "CMake Rules";
			runOnlyForDeploymentPostprocessing = 0;
			shellPath = /bin/sh;
			shellScript = "make -C /Users/zhongming/APP/Udacity-SelfDrvingCar/CarND-Extended-Kalman-Filter-Project/ide_profiles/xcode -f /Users/zhongming/APP/Udacity-SelfDrvingCar/CarND-Extended-Kalman-Filter-Project/ide_profiles/xcode/CMakeScripts/ZERO_CHECK_cmakeRulesBuildPhase.make$CONFIGURATION all";
			showEnvVarsInLog = 0;
		};
		EC23EC5B2ACC465692875A93 = {
			isa = PBXShellScriptBuildPhase;
			buildActionMask = 2147483647;
			files = (
			);
			inputPaths = (
			);
			outputPaths = (
			);
			runOnlyForDeploymentPostprocessing = 0;
			shellPath = /bin/sh;
			shellScript = "# shell script goes here
exit 0";
			showEnvVarsInLog = 0;
		};
/* End PBXShellScriptBuildPhase section */

/* Begin PBXSourcesBuildPhase section */
		15B1CA8626814622825AC757 /* Sources */ = {
			isa = PBXSourcesBuildPhase;
			buildActionMask = 2147483647;
			files = (
				C461DCE85FA54DBBB3782081 /* /Users/zhongming/APP/Udacity-SelfDrvingCar/CarND-Extended-Kalman-Filter-Project/src/FusionEKF.cpp */,
				1919CAC3592646FA9A246DA6 /* /Users/zhongming/APP/Udacity-SelfDrvingCar/CarND-Extended-Kalman-Filter-Project/src/kalman_filter.cpp */,
				D1C9120124A040FC8DCF5954 /* /Users/zhongming/APP/Udacity-SelfDrvingCar/CarND-Extended-Kalman-Filter-Project/src/main.cpp */,
				0DE3FEEFB8124E89B03E29A6 /* /Users/zhongming/APP/Udacity-SelfDrvingCar/CarND-Extended-Kalman-Filter-Project/src/tools.cpp */,
			);
			runOnlyForDeploymentPostprocessing = 0;
		};
/* End PBXSourcesBuildPhase section */

/* Begin PBXTargetDependency section */
		4A17FAA15917434D85533514 /* PBXTargetDependency */ = {
			isa = PBXTargetDependency;
			target = 194497FB0DFD497393ED5D42 /* ZERO_CHECK */;
			targetProxy = 47F57502B2D3461FA298E0B8 /* PBXContainerItemProxy */;
		};
		AE8D515B22594837B712C50D /* PBXTargetDependency */ = {
			isa = PBXTargetDependency;
			target = A100EEC504F64700B7E4567D /* ExtendedKF */;
			targetProxy = 264E36EBF9D843C28A1C2D04 /* PBXContainerItemProxy */;
		};
		D437A4D0D4F945E6975216AB /* PBXTargetDependency */ = {
			isa = PBXTargetDependency;
			target = 194497FB0DFD497393ED5D42 /* ZERO_CHECK */;
			targetProxy = D57430985F8548A3941CB0B7 /* PBXContainerItemProxy */;
		};
/* End PBXTargetDependency section */

/* Begin XCBuildConfiguration section */
		1D6372E0F0574213A52AF1D9 /* Release */ = {
			isa = XCBuildConfiguration;
			buildSettings = {
				ONLY_ACTIVE_ARCH = YES;
				SDKROOT = /Applications/Xcode.app/Contents/Developer/Platforms/MacOSX.platform/Developer/SDKs/MacOSX10.12.sdk;
				SYMROOT = "/Users/zhongming/APP/Udacity-SelfDrvingCar/CarND-Extended-Kalman-Filter-Project/ide_profiles/xcode/build";
			};
			name = Release;
		};
		38AA8933B5D4449A852F7D82 /* MinSizeRel */ = {
			isa = XCBuildConfiguration;
			buildSettings = {
				COMBINE_HIDPI_IMAGES = YES;
				EXECUTABLE_PREFIX = "";
				EXECUTABLE_SUFFIX = "";
				GCC_GENERATE_DEBUGGING_SYMBOLS = NO;
				GCC_INLINES_ARE_PRIVATE_EXTERN = NO;
				GCC_OPTIMIZATION_LEVEL = s;
				GCC_PREPROCESSOR_DEFINITIONS = ("'CMAKE_INTDIR=\"$(CONFIGURATION)$(EFFECTIVE_PLATFORM_NAME)\"'");
				GCC_SYMBOLS_PRIVATE_EXTERN = NO;
				INSTALL_PATH = "";
				LIBRARY_SEARCH_PATHS = "";
				OTHER_CPLUSPLUSFLAGS = "    -DNDEBUG   -std=c++0x";
				OTHER_LDFLAGS = " -Wl,-search_paths_first -Wl,-headerpad_max_install_names  ";
				OTHER_REZFLAGS = "";
				PRODUCT_NAME = ExtendedKF;
				SECTORDER_FLAGS = "";
				SYMROOT = "/Users/zhongming/APP/Udacity-SelfDrvingCar/CarND-Extended-Kalman-Filter-Project/ide_profiles/xcode";
				USE_HEADERMAP = NO;
				WARNING_CFLAGS = ("-Wmost","-Wno-four-char-constants","-Wno-unknown-pragmas","$(inherited)");
			};
			name = MinSizeRel;
		};
		3931DC6D3B154E499E813857 /* MinSizeRel */ = {
			isa = XCBuildConfiguration;
			buildSettings = {
				COMBINE_HIDPI_IMAGES = YES;
				GCC_GENERATE_DEBUGGING_SYMBOLS = YES;
				GCC_INLINES_ARE_PRIVATE_EXTERN = NO;
				GCC_OPTIMIZATION_LEVEL = 0;
				GCC_PREPROCESSOR_DEFINITIONS = ("'CMAKE_INTDIR=\"$(CONFIGURATION)$(EFFECTIVE_PLATFORM_NAME)\"'");
				GCC_SYMBOLS_PRIVATE_EXTERN = NO;
				INSTALL_PATH = "";
				OTHER_LDFLAGS = " ";
				OTHER_REZFLAGS = "";
				PRODUCT_NAME = ALL_BUILD;
				SECTORDER_FLAGS = "";
				SYMROOT = "/Users/zhongming/APP/Udacity-SelfDrvingCar/CarND-Extended-Kalman-Filter-Project/ide_profiles/xcode";
				USE_HEADERMAP = NO;
				WARNING_CFLAGS = ("-Wmost","-Wno-four-char-constants","-Wno-unknown-pragmas","$(inherited)");
			};
			name = MinSizeRel;
		};
		476FA3DE06AF4FB8AA2AA5E3 /* MinSizeRel */ = {
			isa = XCBuildConfiguration;
			buildSettings = {
				ONLY_ACTIVE_ARCH = YES;
				SDKROOT = /Applications/Xcode.app/Contents/Developer/Platforms/MacOSX.platform/Developer/SDKs/MacOSX10.12.sdk;
				SYMROOT = "/Users/zhongming/APP/Udacity-SelfDrvingCar/CarND-Extended-Kalman-Filter-Project/ide_profiles/xcode/build";
			};
			name = MinSizeRel;
		};
		71EA07D5776C4942BD108807 /* Release */ = {
			isa = XCBuildConfiguration;
			buildSettings = {
				COMBINE_HIDPI_IMAGES = YES;
				GCC_GENERATE_DEBUGGING_SYMBOLS = YES;
				GCC_INLINES_ARE_PRIVATE_EXTERN = NO;
				GCC_OPTIMIZATION_LEVEL = 0;
				GCC_PREPROCESSOR_DEFINITIONS = ("'CMAKE_INTDIR=\"$(CONFIGURATION)$(EFFECTIVE_PLATFORM_NAME)\"'");
				GCC_SYMBOLS_PRIVATE_EXTERN = NO;
				INSTALL_PATH = "";
				OTHER_LDFLAGS = " ";
				OTHER_REZFLAGS = "";
				PRODUCT_NAME = ALL_BUILD;
				SECTORDER_FLAGS = "";
				SYMROOT = "/Users/zhongming/APP/Udacity-SelfDrvingCar/CarND-Extended-Kalman-Filter-Project/ide_profiles/xcode";
				USE_HEADERMAP = NO;
				WARNING_CFLAGS = ("-Wmost","-Wno-four-char-constants","-Wno-unknown-pragmas","$(inherited)");
			};
			name = Release;
		};
		8379CE231CA043E5A4395C18 /* RelWithDebInfo */ = {
			isa = XCBuildConfiguration;
			buildSettings = {
				COMBINE_HIDPI_IMAGES = YES;
				GCC_GENERATE_DEBUGGING_SYMBOLS = YES;
				GCC_INLINES_ARE_PRIVATE_EXTERN = NO;
				GCC_OPTIMIZATION_LEVEL = 0;
				GCC_PREPROCESSOR_DEFINITIONS = ("'CMAKE_INTDIR=\"$(CONFIGURATION)$(EFFECTIVE_PLATFORM_NAME)\"'");
				GCC_SYMBOLS_PRIVATE_EXTERN = NO;
				INSTALL_PATH = "";
				OTHER_LDFLAGS = " ";
				OTHER_REZFLAGS = "";
				PRODUCT_NAME = ZERO_CHECK;
				SECTORDER_FLAGS = "";
				SYMROOT = "/Users/zhongming/APP/Udacity-SelfDrvingCar/CarND-Extended-Kalman-Filter-Project/ide_profiles/xcode";
				USE_HEADERMAP = NO;
				WARNING_CFLAGS = ("-Wmost","-Wno-four-char-constants","-Wno-unknown-pragmas","$(inherited)");
			};
			name = RelWithDebInfo;
		};
		86E80C4CA96545F2A852C0E2 /* Debug */ = {
			isa = XCBuildConfiguration;
			buildSettings = {
				COMBINE_HIDPI_IMAGES = YES;
				GCC_GENERATE_DEBUGGING_SYMBOLS = YES;
				GCC_INLINES_ARE_PRIVATE_EXTERN = NO;
				GCC_OPTIMIZATION_LEVEL = 0;
				GCC_PREPROCESSOR_DEFINITIONS = ("'CMAKE_INTDIR=\"$(CONFIGURATION)$(EFFECTIVE_PLATFORM_NAME)\"'");
				GCC_SYMBOLS_PRIVATE_EXTERN = NO;
				INSTALL_PATH = "";
				OTHER_LDFLAGS = " ";
				OTHER_REZFLAGS = "";
				PRODUCT_NAME = ALL_BUILD;
				SECTORDER_FLAGS = "";
				SYMROOT = "/Users/zhongming/APP/Udacity-SelfDrvingCar/CarND-Extended-Kalman-Filter-Project/ide_profiles/xcode";
				USE_HEADERMAP = NO;
				WARNING_CFLAGS = ("-Wmost","-Wno-four-char-constants","-Wno-unknown-pragmas","$(inherited)");
			};
			name = Debug;
		};
		92174A96B9844EF597D2C48F /* MinSizeRel */ = {
			isa = XCBuildConfiguration;
			buildSettings = {
				COMBINE_HIDPI_IMAGES = YES;
				GCC_GENERATE_DEBUGGING_SYMBOLS = YES;
				GCC_INLINES_ARE_PRIVATE_EXTERN = NO;
				GCC_OPTIMIZATION_LEVEL = 0;
				GCC_PREPROCESSOR_DEFINITIONS = ("'CMAKE_INTDIR=\"$(CONFIGURATION)$(EFFECTIVE_PLATFORM_NAME)\"'");
				GCC_SYMBOLS_PRIVATE_EXTERN = NO;
				INSTALL_PATH = "";
				OTHER_LDFLAGS = " ";
				OTHER_REZFLAGS = "";
				PRODUCT_NAME = ZERO_CHECK;
				SECTORDER_FLAGS = "";
				SYMROOT = "/Users/zhongming/APP/Udacity-SelfDrvingCar/CarND-Extended-Kalman-Filter-Project/ide_profiles/xcode";
				USE_HEADERMAP = NO;
				WARNING_CFLAGS = ("-Wmost","-Wno-four-char-constants","-Wno-unknown-pragmas","$(inherited)");
			};
			name = MinSizeRel;
		};
		A2558A3AFFE64D998DAF545F /* Release */ = {
			isa = XCBuildConfiguration;
			buildSettings = {
				COMBINE_HIDPI_IMAGES = YES;
				EXECUTABLE_PREFIX = "";
				EXECUTABLE_SUFFIX = "";
				GCC_GENERATE_DEBUGGING_SYMBOLS = NO;
				GCC_INLINES_ARE_PRIVATE_EXTERN = NO;
				GCC_OPTIMIZATION_LEVEL = 3;
				GCC_PREPROCESSOR_DEFINITIONS = ("'CMAKE_INTDIR=\"$(CONFIGURATION)$(EFFECTIVE_PLATFORM_NAME)\"'");
				GCC_SYMBOLS_PRIVATE_EXTERN = NO;
				INSTALL_PATH = "";
				LIBRARY_SEARCH_PATHS = "";
				OTHER_CPLUSPLUSFLAGS = "    -DNDEBUG   -std=c++0x";
				OTHER_LDFLAGS = " -Wl,-search_paths_first -Wl,-headerpad_max_install_names  ";
				OTHER_REZFLAGS = "";
				PRODUCT_NAME = ExtendedKF;
				SECTORDER_FLAGS = "";
				SYMROOT = "/Users/zhongming/APP/Udacity-SelfDrvingCar/CarND-Extended-Kalman-Filter-Project/ide_profiles/xcode";
				USE_HEADERMAP = NO;
				WARNING_CFLAGS = ("-Wmost","-Wno-four-char-constants","-Wno-unknown-pragmas","$(inherited)");
			};
			name = Release;
		};
		A2912A5BB9F542E79553D3E6 /* RelWithDebInfo */ = {
			isa = XCBuildConfiguration;
			buildSettings = {
				COMBINE_HIDPI_IMAGES = YES;
				EXECUTABLE_PREFIX = "";
				EXECUTABLE_SUFFIX = "";
				GCC_GENERATE_DEBUGGING_SYMBOLS = YES;
				GCC_INLINES_ARE_PRIVATE_EXTERN = NO;
				GCC_OPTIMIZATION_LEVEL = 2;
				GCC_PREPROCESSOR_DEFINITIONS = ("'CMAKE_INTDIR=\"$(CONFIGURATION)$(EFFECTIVE_PLATFORM_NAME)\"'");
				GCC_SYMBOLS_PRIVATE_EXTERN = NO;
				INSTALL_PATH = "";
				LIBRARY_SEARCH_PATHS = "";
				OTHER_CPLUSPLUSFLAGS = "       -DNDEBUG   -std=c++0x";
				OTHER_LDFLAGS = " -Wl,-search_paths_first -Wl,-headerpad_max_install_names  ";
				OTHER_REZFLAGS = "";
				PRODUCT_NAME = ExtendedKF;
				SECTORDER_FLAGS = "";
				SYMROOT = "/Users/zhongming/APP/Udacity-SelfDrvingCar/CarND-Extended-Kalman-Filter-Project/ide_profiles/xcode";
				USE_HEADERMAP = NO;
				WARNING_CFLAGS = ("-Wmost","-Wno-four-char-constants","-Wno-unknown-pragmas","$(inherited)");
			};
			name = RelWithDebInfo;
		};
		A5C8120D409947449BB90F14 /* Release */ = {
			isa = XCBuildConfiguration;
			buildSettings = {
				COMBINE_HIDPI_IMAGES = YES;
				GCC_GENERATE_DEBUGGING_SYMBOLS = YES;
				GCC_INLINES_ARE_PRIVATE_EXTERN = NO;
				GCC_OPTIMIZATION_LEVEL = 0;
				GCC_PREPROCESSOR_DEFINITIONS = ("'CMAKE_INTDIR=\"$(CONFIGURATION)$(EFFECTIVE_PLATFORM_NAME)\"'");
				GCC_SYMBOLS_PRIVATE_EXTERN = NO;
				INSTALL_PATH = "";
				OTHER_LDFLAGS = " ";
				OTHER_REZFLAGS = "";
				PRODUCT_NAME = ZERO_CHECK;
				SECTORDER_FLAGS = "";
				SYMROOT = "/Users/zhongming/APP/Udacity-SelfDrvingCar/CarND-Extended-Kalman-Filter-Project/ide_profiles/xcode";
				USE_HEADERMAP = NO;
				WARNING_CFLAGS = ("-Wmost","-Wno-four-char-constants","-Wno-unknown-pragmas","$(inherited)");
			};
			name = Release;
		};
		B9236C4354D14397B64B6EE5 /* RelWithDebInfo */ = {
			isa = XCBuildConfiguration;
			buildSettings = {
				COMBINE_HIDPI_IMAGES = YES;
				GCC_GENERATE_DEBUGGING_SYMBOLS = YES;
				GCC_INLINES_ARE_PRIVATE_EXTERN = NO;
				GCC_OPTIMIZATION_LEVEL = 0;
				GCC_PREPROCESSOR_DEFINITIONS = ("'CMAKE_INTDIR=\"$(CONFIGURATION)$(EFFECTIVE_PLATFORM_NAME)\"'");
				GCC_SYMBOLS_PRIVATE_EXTERN = NO;
				INSTALL_PATH = "";
				OTHER_LDFLAGS = " ";
				OTHER_REZFLAGS = "";
				PRODUCT_NAME = ALL_BUILD;
				SECTORDER_FLAGS = "";
				SYMROOT = "/Users/zhongming/APP/Udacity-SelfDrvingCar/CarND-Extended-Kalman-Filter-Project/ide_profiles/xcode";
				USE_HEADERMAP = NO;
				WARNING_CFLAGS = ("-Wmost","-Wno-four-char-constants","-Wno-unknown-pragmas","$(inherited)");
			};
			name = RelWithDebInfo;
		};
		C896AA18D57C43A78DC00F52 /* RelWithDebInfo */ = {
			isa = XCBuildConfiguration;
			buildSettings = {
				ONLY_ACTIVE_ARCH = YES;
				SDKROOT = /Applications/Xcode.app/Contents/Developer/Platforms/MacOSX.platform/Developer/SDKs/MacOSX10.12.sdk;
				SYMROOT = "/Users/zhongming/APP/Udacity-SelfDrvingCar/CarND-Extended-Kalman-Filter-Project/ide_profiles/xcode/build";
			};
			name = RelWithDebInfo;
		};
		CAE6089E8A4F421F988D6BD1 /* Debug */ = {
			isa = XCBuildConfiguration;
			buildSettings = {
				ONLY_ACTIVE_ARCH = YES;
				SDKROOT = /Applications/Xcode.app/Contents/Developer/Platforms/MacOSX.platform/Developer/SDKs/MacOSX10.12.sdk;
				SYMROOT = "/Users/zhongming/APP/Udacity-SelfDrvingCar/CarND-Extended-Kalman-Filter-Project/ide_profiles/xcode/build";
			};
			name = Debug;
		};
		D149AD9C13254303BD77F5C9 /* Debug */ = {
			isa = XCBuildConfiguration;
			buildSettings = {
				COMBINE_HIDPI_IMAGES = YES;
				EXECUTABLE_PREFIX = "";
				EXECUTABLE_SUFFIX = "";
				GCC_GENERATE_DEBUGGING_SYMBOLS = YES;
				GCC_INLINES_ARE_PRIVATE_EXTERN = NO;
				GCC_OPTIMIZATION_LEVEL = 0;
				GCC_PREPROCESSOR_DEFINITIONS = ("'CMAKE_INTDIR=\"$(CONFIGURATION)$(EFFECTIVE_PLATFORM_NAME)\"'");
				GCC_SYMBOLS_PRIVATE_EXTERN = NO;
				INSTALL_PATH = "";
				LIBRARY_SEARCH_PATHS = "";
				OTHER_CPLUSPLUSFLAGS = "     -std=c++0x";
				OTHER_LDFLAGS = " -Wl,-search_paths_first -Wl,-headerpad_max_install_names  ";
				OTHER_REZFLAGS = "";
				PRODUCT_NAME = ExtendedKF;
				SECTORDER_FLAGS = "";
				SYMROOT = "/Users/zhongming/APP/Udacity-SelfDrvingCar/CarND-Extended-Kalman-Filter-Project/ide_profiles/xcode";
				USE_HEADERMAP = NO;
				WARNING_CFLAGS = ("-Wmost","-Wno-four-char-constants","-Wno-unknown-pragmas","$(inherited)");
			};
			name = Debug;
		};
		F2EDFB5126384623AC54570D /* Debug */ = {
			isa = XCBuildConfiguration;
			buildSettings = {
				COMBINE_HIDPI_IMAGES = YES;
				GCC_GENERATE_DEBUGGING_SYMBOLS = YES;
				GCC_INLINES_ARE_PRIVATE_EXTERN = NO;
				GCC_OPTIMIZATION_LEVEL = 0;
				GCC_PREPROCESSOR_DEFINITIONS = ("'CMAKE_INTDIR=\"$(CONFIGURATION)$(EFFECTIVE_PLATFORM_NAME)\"'");
				GCC_SYMBOLS_PRIVATE_EXTERN = NO;
				INSTALL_PATH = "";
				OTHER_LDFLAGS = " ";
				OTHER_REZFLAGS = "";
				PRODUCT_NAME = ZERO_CHECK;
				SECTORDER_FLAGS = "";
				SYMROOT = "/Users/zhongming/APP/Udacity-SelfDrvingCar/CarND-Extended-Kalman-Filter-Project/ide_profiles/xcode";
				USE_HEADERMAP = NO;
				WARNING_CFLAGS = ("-Wmost","-Wno-four-char-constants","-Wno-unknown-pragmas","$(inherited)");
			};
			name = Debug;
		};
/* End XCBuildConfiguration section */

/* Begin XCConfigurationList section */
		523CE190C7644358A8D9845B /* Build configuration list for PBXAggregateTarget "ALL_BUILD" */ = {
			isa = XCConfigurationList;
			buildConfigurations = (
				86E80C4CA96545F2A852C0E2 /* Debug */,
				71EA07D5776C4942BD108807 /* Release */,
				3931DC6D3B154E499E813857 /* MinSizeRel */,
				B9236C4354D14397B64B6EE5 /* RelWithDebInfo */,
			);
			defaultConfigurationIsVisible = 0;
			defaultConfigurationName = Debug;
		};
		62CD1D56CEDE4F15B5C41A8B /* Build configuration list for PBXProject "ExtendedKF" */ = {
			isa = XCConfigurationList;
			buildConfigurations = (
				CAE6089E8A4F421F988D6BD1 /* Debug */,
				1D6372E0F0574213A52AF1D9 /* Release */,
				476FA3DE06AF4FB8AA2AA5E3 /* MinSizeRel */,
				C896AA18D57C43A78DC00F52 /* RelWithDebInfo */,
			);
			defaultConfigurationIsVisible = 0;
			defaultConfigurationName = Debug;
		};
		B7A60F980CE947FDB7521312 /* Build configuration list for PBXNativeTarget "ExtendedKF" */ = {
			isa = XCConfigurationList;
			buildConfigurations = (
				D149AD9C13254303BD77F5C9 /* Debug */,
				A2558A3AFFE64D998DAF545F /* Release */,
				38AA8933B5D4449A852F7D82 /* MinSizeRel */,
				A2912A5BB9F542E79553D3E6 /* RelWithDebInfo */,
			);
			defaultConfigurationIsVisible = 0;
			defaultConfigurationName = Debug;
		};
		F59979BB9A78474DADA9E5B4 /* Build configuration list for PBXAggregateTarget "ZERO_CHECK" */ = {
			isa = XCConfigurationList;
			buildConfigurations = (
				F2EDFB5126384623AC54570D /* Debug */,
				A5C8120D409947449BB90F14 /* Release */,
				92174A96B9844EF597D2C48F /* MinSizeRel */,
				8379CE231CA043E5A4395C18 /* RelWithDebInfo */,
			);
			defaultConfigurationIsVisible = 0;
			defaultConfigurationName = Debug;
		};
/* End XCConfigurationList section */
	};
	rootObject = 703EADE281DD481BADD51F5A /* Project object */;
}
